<?xml version="1.0" encoding="utf-8"?>
<Project ToolsVersion="4.0" xmlns="http://schemas.microsoft.com/developer/msbuild/2003">
  <ItemGroup>
    <Filter Include="Source Files">
      <UniqueIdentifier>{4FC737F1-C7A5-4376-A066-2A32D752A2FF}</UniqueIdentifier>
      <Extensions>cpp;c;cc;cxx;c++;cppm;ixx;def;odl;idl;hpj;bat;asm;asmx</Extensions>
    </Filter>
    <Filter Include="Header Files">
      <UniqueIdentifier>{93995380-89BD-4b04-88EB-625FBE52EBFB}</UniqueIdentifier>
      <Extensions>h;hh;hpp;hxx;h++;hm;inl;inc;ipp;xsd</Extensions>
    </Filter>
    <Filter Include="Resource Files">
      <UniqueIdentifier>{67DA6AB6-F800-4c08-8B7A-83BB121AAD01}</UniqueIdentifier>
      <Extensions>rc;ico;cur;bmp;dlg;rc2;rct;bin;rgs;gif;jpg;jpeg;jpe;resx;tiff;tif;png;wav;mfcribbon-ms</Extensions>
    </Filter>
  </ItemGroup>
  <ItemGroup>
    <ClCompile Include="main.cpp">
      <Filter>Source Files</Filter>
    </ClCompile>
    <ClCompile Include="dino\Dino.cpp">
      <Filter>Source Files</Filter>
    </ClCompile>
    <ClCompile Include="dino\states\DinoState.cpp">
      <Filter>Source Files</Filter>
    </ClCompile>
    <ClCompile Include="sprites\Sprite.cpp">
      <Filter>Source Files</Filter>
    </ClCompile>
    <ClCompile Include="sprites\SpriteConfig.cpp">
      <Filter>Source Files</Filter>
    </ClCompile>
    <ClCompile Include="sprites\SpriteFactory.cpp">
      <Filter>Source Files</Filter>
    </ClCompile>
    <ClCompile Include="DinoGame.cpp">
      <Filter>Source Files</Filter>
    </ClCompile>
    <ClCompile Include="dino\states\DinoStateIdle.cpp">
      <Filter>Source Files</Filter>
    </ClCompile>
    <ClCompile Include="dino\states\DinoStateWalk.cpp">
      <Filter>Source Files</Filter>
    </ClCompile>
    <ClCompile Include="dino\states\DinoStateRun.cpp">
      <Filter>Source Files</Filter>
    </ClCompile>
    <ClCompile Include="dino\states\DinoStateJump.cpp">
      <Filter>Source Files</Filter>
    </ClCompile>
    <ClCompile Include="dino\states\DinoStateDie.cpp">
      <Filter>Source Files</Filter>
    </ClCompile>
    <ClCompile Include="dino\states\DinoStateDead.cpp">
      <Filter>Source Files</Filter>
    </ClCompile>
    <ClCompile Include="Background.cpp">
      <Filter>Source Files</Filter>
    </ClCompile>
  </ItemGroup>
  <ItemGroup>
    <ClInclude Include="dino\Dino.h">
      <Filter>Header Files</Filter>
    </ClInclude>
    <ClInclude Include="sprites\Sprite.h">
      <Filter>Header Files</Filter>
    </ClInclude>
    <ClInclude Include="sprites\SpriteConfig.h">
      <Filter>Header Files</Filter>
    </ClInclude>
    <ClInclude Include="sprites\SpriteFactory.h">
      <Filter>Header Files</Filter>
    </ClInclude>
    <ClInclude Include="DinoGame.h">
      <Filter>Header Files</Filter>
    </ClInclude>
    <ClInclude Include="dino\states\DinoState.h">
      <Filter>Header Files</Filter>
    </ClInclude>
    <ClInclude Include="dino\states\DinoStateIdle.h">
      <Filter>Header Files</Filter>
    </ClInclude>
    <ClInclude Include="dino\states\DinoStateWalk.h">
      <Filter>Header Files</Filter>
    </ClInclude>
    <ClInclude Include="dino\states\DinoStateRun.h">
      <Filter>Header Files</Filter>
    </ClInclude>
    <ClInclude Include="dino\states\DinoStateJump.h">
      <Filter>Header Files</Filter>
    </ClInclude>
    <ClInclude Include="dino\states\DinoStateDie.h">
      <Filter>Header Files</Filter>
    </ClInclude>
    <ClInclude Include="dino\states\DinoStateDead.h">
      <Filter>Header Files</Filter>
    </ClInclude>
    <ClInclude Include="Background.h">
      <Filter>Header Files</Filter>
    </ClInclude>
  </ItemGroup>
  <ItemGroup>
    <Text Include="sprites\notes.txt" />
  </ItemGroup>
  <ItemGroup>
    <Image Include="resources\dino\dino-dead.png">
      <Filter>Resource Files</Filter>
    </Image>
    <Image Include="resources\dino\dino-idle.png">
      <Filter>Resource Files</Filter>
    </Image>
    <Image Include="resources\dino\dino-jump.png">
      <Filter>Resource Files</Filter>
    </Image>
    <Image Include="resources\dino\dino-run.png">
      <Filter>Resource Files</Filter>
    </Image>
    <Image Include="resources\dino\dino-walk.png">
      <Filter>Resource Files</Filter>
    </Image>
    <Image Include="resources\Background layers\Layer_0000_9.png">
      <Filter>Resource Files</Filter>
    </Image>
    <Image Include="resources\Background layers\Layer_0001_8.png">
      <Filter>Resource Files</Filter>
    </Image>
    <Image Include="resources\Background layers\Layer_0002_7.png">
      <Filter>Resource Files</Filter>
    </Image>
    <Image Include="resources\Background layers\Layer_0003_6.png">
      <Filter>Resource Files</Filter>
    </Image>
    <Image Include="resources\Background layers\Layer_0004_Lights.png">
      <Filter>Resource Files</Filter>
    </Image>
    <Image Include="resources\Background layers\Layer_0005_5.png">
      <Filter>Resource Files</Filter>
    </Image>
    <Image Include="resources\Background layers\Layer_0006_4.png">
      <Filter>Resource Files</Filter>
    </Image>
    <Image Include="resources\Background layers\Layer_0007_Lights.png">
      <Filter>Resource Files</Filter>
    </Image>
    <Image Include="resources\Background layers\Layer_0008_3.png">
      <Filter>Resource Files</Filter>
    </Image>
    <Image Include="resources\Background layers\Layer_0009_2.png">
      <Filter>Resource Files</Filter>
    </Image>
    <Image Include="resources\Background layers\Layer_0010_1.png">
      <Filter>Resource Files</Filter>
    </Image>
    <Image Include="resources\Background layers\Layer_0011_0.png">
      <Filter>Resource Files</Filter>
    </Image>
  </ItemGroup>
</Project>